
Microsoft Visual Studio Solution File, Format Version 12.00
# Visual Studio Version 17
VisualStudioVersion = 17.11.35312.102
MinimumVisualStudioVersion = 10.0.40219.1
Project("{FAE04EC0-301F-11D3-BF4B-00C04F79EFBC}") = "DAL", "DAL\DAL.csproj", "{9C9CBC7D-7CA1-4DE0-9D37-597785EDAD22}"
EndProject
Project("{FAE04EC0-301F-11D3-BF4B-00C04F79EFBC}") = "DTO", "DTO\DTO.csproj", "{3852A58A-C1F8-4F65-9B5E-74C2B37FA82C}"
EndProject
Project("{FAE04EC0-301F-11D3-BF4B-00C04F79EFBC}") = "BLL", "BLL\BLL.csproj", "{D9D36B58-104B-445B-B945-4C131370A207}"
EndProject
Project("{2150E333-8FDC-42A3-9474-1A3956D46DE8}") = "5. GUI", "5. GUI", "{C75A17F4-84CA-4BFF-BDD6-943DCA8C60E4}"
EndProject
Project("{2150E333-8FDC-42A3-9474-1A3956D46DE8}") = "3. BLL", "3. BLL", "{106E1D4F-A3EE-4D21-8938-2E72CFD4584B}"
EndProject
Project("{2150E333-8FDC-42A3-9474-1A3956D46DE8}") = "2. DAL", "2. DAL", "{B281D20E-EB2C-4E95-A4C9-C88A6C435909}"
EndProject
Project("{2150E333-8FDC-42A3-9474-1A3956D46DE8}") = "1. DTO", "1. DTO", "{BB22A8A1-9CE5-46B9-B952-522D648CA8BC}"
EndProject
Project("{FAE04EC0-301F-11D3-BF4B-00C04F79EFBC}") = "GUI", "GUI\GUI.csproj", "{69631D26-1165-4A2D-B23E-AF5A08E58B93}"
EndProject
Project("{FAE04EC0-301F-11D3-BF4B-00C04F79EFBC}") = "UC", "UC\UC.csproj", "{BDDD40A8-24F1-4653-BCDB-FC269886BB22}"
EndProject
Project("{2150E333-8FDC-42A3-9474-1A3956D46DE8}") = "4. API", "4. API", "{774CFC71-B2EE-4C59-8060-7FD68F616025}"
EndProject
Project("{2150E333-8FDC-42A3-9474-1A3956D46DE8}") = "0. UC", "0. UC", "{7BDA1FAD-2600-4D8F-9B7D-E13D14027A1F}"
EndProject
Project("{FAE04EC0-301F-11D3-BF4B-00C04F79EFBC}") = "API", "API\API.csproj", "{ADFB0D88-A51D-475C-BFD8-375492D238B4}"
EndProject
Project("{2150E333-8FDC-42A3-9474-1A3956D46DE8}") = "6. WEB", "6. WEB", "{7A2A9596-01E7-4AE3-A1FC-5D0215346801}"
EndProject
Project("{FAE04EC0-301F-11D3-BF4B-00C04F79EFBC}") = "FE", "FE\FE.csproj", "{95611FCA-2696-480A-9D52-50F99078F1AE}"
EndProject
Global
	GlobalSection(SolutionConfigurationPlatforms) = preSolution
		Debug|Any CPU = Debug|Any CPU
		Release|Any CPU = Release|Any CPU
	EndGlobalSection
	GlobalSection(ProjectConfigurationPlatforms) = postSolution
		{9C9CBC7D-7CA1-4DE0-9D37-597785EDAD22}.Debug|Any CPU.ActiveCfg = Debug|Any CPU
		{9C9CBC7D-7CA1-4DE0-9D37-597785EDAD22}.Debug|Any CPU.Build.0 = Debug|Any CPU
		{9C9CBC7D-7CA1-4DE0-9D37-597785EDAD22}.Release|Any CPU.ActiveCfg = Release|Any CPU
		{9C9CBC7D-7CA1-4DE0-9D37-597785EDAD22}.Release|Any CPU.Build.0 = Release|Any CPU
		{3852A58A-C1F8-4F65-9B5E-74C2B37FA82C}.Debug|Any CPU.ActiveCfg = Debug|Any CPU
		{3852A58A-C1F8-4F65-9B5E-74C2B37FA82C}.Debug|Any CPU.Build.0 = Debug|Any CPU
		{3852A58A-C1F8-4F65-9B5E-74C2B37FA82C}.Release|Any CPU.ActiveCfg = Release|Any CPU
		{3852A58A-C1F8-4F65-9B5E-74C2B37FA82C}.Release|Any CPU.Build.0 = Release|Any CPU
		{D9D36B58-104B-445B-B945-4C131370A207}.Debug|Any CPU.ActiveCfg = Debug|Any CPU
		{D9D36B58-104B-445B-B945-4C131370A207}.Debug|Any CPU.Build.0 = Debug|Any CPU
		{D9D36B58-104B-445B-B945-4C131370A207}.Release|Any CPU.ActiveCfg = Release|Any CPU
		{D9D36B58-104B-445B-B945-4C131370A207}.Release|Any CPU.Build.0 = Release|Any CPU
		{69631D26-1165-4A2D-B23E-AF5A08E58B93}.Debug|Any CPU.ActiveCfg = Debug|Any CPU
		{69631D26-1165-4A2D-B23E-AF5A08E58B93}.Release|Any CPU.ActiveCfg = Release|Any CPU
		{69631D26-1165-4A2D-B23E-AF5A08E58B93}.Release|Any CPU.Build.0 = Release|Any CPU
		{BDDD40A8-24F1-4653-BCDB-FC269886BB22}.Debug|Any CPU.ActiveCfg = Debug|Any CPU
		{BDDD40A8-24F1-4653-BCDB-FC269886BB22}.Debug|Any CPU.Build.0 = Debug|Any CPU
		{BDDD40A8-24F1-4653-BCDB-FC269886BB22}.Release|Any CPU.ActiveCfg = Release|Any CPU
		{BDDD40A8-24F1-4653-BCDB-FC269886BB22}.Release|Any CPU.Build.0 = Release|Any CPU
		{ADFB0D88-A51D-475C-BFD8-375492D238B4}.Debug|Any CPU.ActiveCfg = Debug|Any CPU
		{ADFB0D88-A51D-475C-BFD8-375492D238B4}.Debug|Any CPU.Build.0 = Debug|Any CPU
		{ADFB0D88-A51D-475C-BFD8-375492D238B4}.Release|Any CPU.ActiveCfg = Release|Any CPU
		{ADFB0D88-A51D-475C-BFD8-375492D238B4}.Release|Any CPU.Build.0 = Release|Any CPU
		{95611FCA-2696-480A-9D52-50F99078F1AE}.Debug|Any CPU.ActiveCfg = Debug|Any CPU
		{95611FCA-2696-480A-9D52-50F99078F1AE}.Debug|Any CPU.Build.0 = Debug|Any CPU
		{95611FCA-2696-480A-9D52-50F99078F1AE}.Release|Any CPU.ActiveCfg = Release|Any CPU
		{95611FCA-2696-480A-9D52-50F99078F1AE}.Release|Any CPU.Build.0 = Release|Any CPU
	EndGlobalSection
	GlobalSection(SolutionProperties) = preSolution
		HideSolutionNode = FALSE
	EndGlobalSection
	GlobalSection(NestedProjects) = preSolution
		{9C9CBC7D-7CA1-4DE0-9D37-597785EDAD22} = {B281D20E-EB2C-4E95-A4C9-C88A6C435909}
		{3852A58A-C1F8-4F65-9B5E-74C2B37FA82C} = {BB22A8A1-9CE5-46B9-B952-522D648CA8BC}
		{D9D36B58-104B-445B-B945-4C131370A207} = {106E1D4F-A3EE-4D21-8938-2E72CFD4584B}
		{69631D26-1165-4A2D-B23E-AF5A08E58B93} = {C75A17F4-84CA-4BFF-BDD6-943DCA8C60E4}
		{BDDD40A8-24F1-4653-BCDB-FC269886BB22} = {7BDA1FAD-2600-4D8F-9B7D-E13D14027A1F}
		{ADFB0D88-A51D-475C-BFD8-375492D238B4} = {774CFC71-B2EE-4C59-8060-7FD68F616025}
		{95611FCA-2696-480A-9D52-50F99078F1AE} = {7A2A9596-01E7-4AE3-A1FC-5D0215346801}
	EndGlobalSection
	GlobalSection(ExtensibilityGlobals) = postSolution
		SolutionGuid = {470D30F6-A7DA-4506-AF67-42A776852B4A}
	EndGlobalSection
EndGlobal
