
Microsoft Visual Studio Solution File, Format Version 12.00
# Visual Studio Version 17
VisualStudioVersion = 17.10.35122.118
MinimumVisualStudioVersion = 10.0.40219.1
Project("{FAE04EC0-301F-11D3-BF4B-00C04F79EFBC}") = "TDL.Client", "TDL.Client\TDL.Client.csproj", "{21E0FF78-07C5-4DCE-A249-0E4DA815DFEB}"
EndProject
Project("{FAE04EC0-301F-11D3-BF4B-00C04F79EFBC}") = "TDL.Client.Controls", "TDL.Client.Controls\TDL.Client.Controls.csproj", "{3979739A-4A9D-4A82-B12A-F5FD77BF0B01}"
EndProject
Project("{FAE04EC0-301F-11D3-BF4B-00C04F79EFBC}") = "TDL.Client.UserControls", "TDL.Client.UserControls\TDL.Client.UserControls.csproj", "{5AFCAB97-6F0E-4004-A658-E6F95AAE2F8F}"
EndProject
Project("{FAE04EC0-301F-11D3-BF4B-00C04F79EFBC}") = "TDL.Repositories", "TDL.Repositories\TDL.Repositories.csproj", "{ADB1A642-D136-44C9-8692-442AF991A28F}"
EndProject
Project("{FAE04EC0-301F-11D3-BF4B-00C04F79EFBC}") = "TDL.Services", "TDL.Services\TDL.Services.csproj", "{B1E4E933-3CC7-44E6-A905-E8F55FBDA462}"
EndProject
Global
	GlobalSection(SolutionConfigurationPlatforms) = preSolution
		Debug|Any CPU = Debug|Any CPU
		Release|Any CPU = Release|Any CPU
	EndGlobalSection
	GlobalSection(ProjectConfigurationPlatforms) = postSolution
		{21E0FF78-07C5-4DCE-A249-0E4DA815DFEB}.Debug|Any CPU.ActiveCfg = Debug|Any CPU
		{21E0FF78-07C5-4DCE-A249-0E4DA815DFEB}.Debug|Any CPU.Build.0 = Debug|Any CPU
		{21E0FF78-07C5-4DCE-A249-0E4DA815DFEB}.Release|Any CPU.ActiveCfg = Release|Any CPU
		{21E0FF78-07C5-4DCE-A249-0E4DA815DFEB}.Release|Any CPU.Build.0 = Release|Any CPU
		{3979739A-4A9D-4A82-B12A-F5FD77BF0B01}.Debug|Any CPU.ActiveCfg = Debug|Any CPU
		{3979739A-4A9D-4A82-B12A-F5FD77BF0B01}.Debug|Any CPU.Build.0 = Debug|Any CPU
		{3979739A-4A9D-4A82-B12A-F5FD77BF0B01}.Release|Any CPU.ActiveCfg = Release|Any CPU
		{3979739A-4A9D-4A82-B12A-F5FD77BF0B01}.Release|Any CPU.Build.0 = Release|Any CPU
		{5AFCAB97-6F0E-4004-A658-E6F95AAE2F8F}.Debug|Any CPU.ActiveCfg = Debug|Any CPU
		{5AFCAB97-6F0E-4004-A658-E6F95AAE2F8F}.Debug|Any CPU.Build.0 = Debug|Any CPU
		{5AFCAB97-6F0E-4004-A658-E6F95AAE2F8F}.Release|Any CPU.ActiveCfg = Release|Any CPU
		{5AFCAB97-6F0E-4004-A658-E6F95AAE2F8F}.Release|Any CPU.Build.0 = Release|Any CPU
		{ADB1A642-D136-44C9-8692-442AF991A28F}.Debug|Any CPU.ActiveCfg = Debug|Any CPU
		{ADB1A642-D136-44C9-8692-442AF991A28F}.Debug|Any CPU.Build.0 = Debug|Any CPU
		{ADB1A642-D136-44C9-8692-442AF991A28F}.Release|Any CPU.ActiveCfg = Release|Any CPU
		{ADB1A642-D136-44C9-8692-442AF991A28F}.Release|Any CPU.Build.0 = Release|Any CPU
		{B1E4E933-3CC7-44E6-A905-E8F55FBDA462}.Debug|Any CPU.ActiveCfg = Debug|Any CPU
		{B1E4E933-3CC7-44E6-A905-E8F55FBDA462}.Debug|Any CPU.Build.0 = Debug|Any CPU
		{B1E4E933-3CC7-44E6-A905-E8F55FBDA462}.Release|Any CPU.ActiveCfg = Release|Any CPU
		{B1E4E933-3CC7-44E6-A905-E8F55FBDA462}.Release|Any CPU.Build.0 = Release|Any CPU
	EndGlobalSection
	GlobalSection(SolutionProperties) = preSolution
		HideSolutionNode = FALSE
	EndGlobalSection
	GlobalSection(ExtensibilityGlobals) = postSolution
		SolutionGuid = {53488054-14AC-458F-8D65-F9EACA40C535}
	EndGlobalSection
EndGlobal
